
Microsoft Visual Studio Solution File, Format Version 12.00
# Visual Studio Version 17
VisualStudioVersion = 17.11.35327.3
MinimumVisualStudioVersion = 10.0.40219.1
Project("{9A19103F-16F7-4668-BE54-9A1E7A4F7556}") = "Greetings", "Lab01\Greetings\Greetings.csproj", "{D2936283-A8CF-4DFE-9C65-97785649927C}"
EndProject
Project("{2150E333-8FDC-42A3-9474-1A3956D46DE8}") = "Lab00", "Lab00", "{2EB6FAA8-4B55-44C2-83A1-D24C6F99942F}"
EndProject
Project("{2150E333-8FDC-42A3-9474-1A3956D46DE8}") = "Lab01", "Lab01", "{334A47D3-597C-4ED4-9C67-9FC2543C827E}"
EndProject
Project("{2150E333-8FDC-42A3-9474-1A3956D46DE8}") = "Lab02", "Lab02", "{A30E4B4B-1D4E-4429-B01E-A229BFE45ECF}"
EndProject
Project("{9A19103F-16F7-4668-BE54-9A1E7A4F7556}") = "Divider", "Lab01\Divider\Divider.csproj", "{FD581E16-A417-4283-A588-4DE65BEF6C7E}"
EndProject
Project("{9A19103F-16F7-4668-BE54-9A1E7A4F7556}") = "Treug", "Lab01\Treug\Treug.csproj", "{582114CB-E4F8-4C4D-9FE5-A0D0688FB5B0}"
EndProject
Project("{2150E333-8FDC-42A3-9474-1A3956D46DE8}") = "Lab03", "Lab03", "{D97B9D44-FCDA-4CB5-A8FD-DE2B372CBB09}"
EndProject
Project("{9A19103F-16F7-4668-BE54-9A1E7A4F7556}") = "Distance", "Lab02\Distance\Distance.csproj", "{980C9B68-211F-485B-A7E0-2073549D383E}"
EndProject
Project("{9A19103F-16F7-4668-BE54-9A1E7A4F7556}") = "Distance2", "Lab02\Distance2\Distance2.csproj", "{4CC3C413-FF61-422E-88A6-70F669C3AD1A}"
EndProject
Project("{9A19103F-16F7-4668-BE54-9A1E7A4F7556}") = "WhatDay1", "Lab03\WhatDay1\WhatDay1.csproj", "{3076F381-EDEB-4397-A58A-3CB66852B731}"
EndProject
Project("{9A19103F-16F7-4668-BE54-9A1E7A4F7556}") = "BankAccount", "Lab02\BankAccount\BankAccount.csproj", "{08D74289-2008-4A58-ABA9-C69E989EA856}"
EndProject
Project("{9A19103F-16F7-4668-BE54-9A1E7A4F7556}") = "StructType", "Lab02\StructType\StructType.csproj", "{054BD332-7D06-46AF-B037-C9D80235C0F4}"
EndProject
Project("{9A19103F-16F7-4668-BE54-9A1E7A4F7556}") = "WhatDay1a", "Lab03\WhatDay1a\WhatDay1a.csproj", "{0FE2FF1C-B747-4921-87A5-B0C76448B404}"
EndProject
Project("{9A19103F-16F7-4668-BE54-9A1E7A4F7556}") = "WhatDay1b", "Lab03\WhatDay1b\WhatDay1b.csproj", "{2D4B162D-BD90-447D-B8A7-1A98CE8E8A1B}"
EndProject
Project("{9A19103F-16F7-4668-BE54-9A1E7A4F7556}") = "WhatDay2", "Lab03\WhatDay2\WhatDay2.csproj", "{BDE33E01-DB69-42BF-AA10-4DA8CA55B71A}"
EndProject
Project("{9A19103F-16F7-4668-BE54-9A1E7A4F7556}") = "WhatDay3", "Lab03\WhatDay3\WhatDay3.csproj", "{6EA8C551-70FD-4EF2-BF3A-D0FD2F869F74}"
EndProject
Project("{9A19103F-16F7-4668-BE54-9A1E7A4F7556}") = "WhatDay3a", "Lab03\WhatDay3a\WhatDay3a.csproj", "{DBE21022-7075-4027-8FC7-486EFCBF0F43}"
EndProject
Project("{9A19103F-16F7-4668-BE54-9A1E7A4F7556}") = "WhatDay3b", "Lab03\WhatDay3b\WhatDay3b.csproj", "{86ECB57F-50B9-46BC-985B-293FB2AF94DF}"
EndProject
Project("{9A19103F-16F7-4668-BE54-9A1E7A4F7556}") = "Divider2", "Lab03\Divider2\Divider2.csproj", "{9CA1416A-A4BC-43D7-96E3-089953FE0A7A}"
EndProject
Project("{9A19103F-16F7-4668-BE54-9A1E7A4F7556}") = "Shooting", "Lab03\Shooting\Shooting.csproj", "{CDF2382F-82B3-4744-B33A-25ECC489570B}"
EndProject
Project("{9A19103F-16F7-4668-BE54-9A1E7A4F7556}") = "Shooting2", "Lab03\Shooting2\Shooting2.csproj", "{607F9A62-95A1-4FDC-820C-4CBC3C8444A4}"
EndProject
Project("{2150E333-8FDC-42A3-9474-1A3956D46DE8}") = "Lab04", "Lab04", "{CF7CDA7B-C2EC-48F2-BA4A-0E56D312A2EA}"
EndProject
Project("{2150E333-8FDC-42A3-9474-1A3956D46DE8}") = "Lab05", "Lab05", "{0BF84C52-C97F-4766-9993-5529C5621624}"
EndProject
Project("{9A19103F-16F7-4668-BE54-9A1E7A4F7556}") = "Utils", "Lab04\Utils\Utils.csproj", "{9F6054FB-A39C-42B9-8DCF-A070473B75D5}"
EndProject
Project("{9A19103F-16F7-4668-BE54-9A1E7A4F7556}") = "Treug2", "Lab04\Treug2\Treug2.csproj", "{41AA1F48-6812-48BB-BC59-F7574598F6AA}"
EndProject
Project("{9A19103F-16F7-4668-BE54-9A1E7A4F7556}") = "Treug2a", "Lab04\Treug2a\Treug2a.csproj", "{3519E0B7-A695-4F0F-995D-52560F8D7178}"
EndProject
Project("{9A19103F-16F7-4668-BE54-9A1E7A4F7556}") = "Quadratic", "Lab04\Quadratic\Quadratic.csproj", "{A419DE3B-F89E-4B99-8D29-35C61FEC2D5C}"
EndProject
Project("{2150E333-8FDC-42A3-9474-1A3956D46DE8}") = "Mod01", "Mod01", "{1D2F638C-7046-4405-B6BD-63FD46227980}"
EndProject
Project("{2150E333-8FDC-42A3-9474-1A3956D46DE8}") = "Mod02", "Mod02", "{25671702-0346-446A-8A69-5E64C52A390F}"
EndProject
Project("{2150E333-8FDC-42A3-9474-1A3956D46DE8}") = "Tmp", "Tmp", "{3C5445A0-E87C-417B-9C12-DA994393CB0F}"
EndProject
Project("{FAE04EC0-301F-11D3-BF4B-00C04F79EFBC}") = "ClassLibraryDemo", "Tmp\ClassLibraryDemo\ClassLibraryDemo.csproj", "{F0E8F718-C5A6-45D6-B4F6-ED12C8846EAE}"
EndProject
Project("{FAE04EC0-301F-11D3-BF4B-00C04F79EFBC}") = "MyBewTT01", "Tmp\MyBewTT01\MyBewTT01.csproj", "{6353A02E-8D14-4E16-883A-7C1EE98DF517}"
EndProject
Project("{9A19103F-16F7-4668-BE54-9A1E7A4F7556}") = "pD02", "Tmp\pD02\pD02.csproj", "{281EA616-4AF7-4558-AA8B-C04492ED6E06}"
EndProject
Project("{9A19103F-16F7-4668-BE54-9A1E7A4F7556}") = "FileDetails", "Lab05\FileDetails\FileDetails.csproj", "{AD48AF02-42EE-4F43-AB1B-C489479583D7}"
EndProject
Project("{9A19103F-16F7-4668-BE54-9A1E7A4F7556}") = "MatrixMultiply", "Lab05\MatrixMultiply\MatrixMultiply.csproj", "{158655D4-85E0-48BD-9CE3-6B05B9A37F60}"
EndProject
Project("{9A19103F-16F7-4668-BE54-9A1E7A4F7556}") = "ArrayMath", "Lab05\ArrayMath\ArrayMath.csproj", "{1849FB71-C9E2-4E6F-98C4-B8BF9D1662B3}"
EndProject
Project("{2150E333-8FDC-42A3-9474-1A3956D46DE8}") = "Lab06", "Lab06", "{F9C64ADC-F17E-4DD5-BBCF-E029648F13C2}"
EndProject
Project("{2150E333-8FDC-42A3-9474-1A3956D46DE8}") = "Mod03", "Mod03", "{E48E5142-D53D-4FA1-8EFB-36F24792FD96}"
EndProject
Project("{9A19103F-16F7-4668-BE54-9A1E7A4F7556}") = "CreateAccount", "Lab06\CreateAccount\CreateAccount.csproj", "{D3DDF0FB-DD47-4CBF-B813-1EA982D11D17}"
EndProject
Project("{9A19103F-16F7-4668-BE54-9A1E7A4F7556}") = "MoreMethods", "Lab06\MoreMethods\MoreMethods.csproj", "{BF13DBC0-1834-49BA-9DB2-225928483FA1}"
EndProject
Project("{9A19103F-16F7-4668-BE54-9A1E7A4F7556}") = "Treug3", "Lab06\Treug3\Treug3.csproj", "{939AB02C-FD82-4D37-9780-F8C02A32CC8D}"
EndProject
Project("{9A19103F-16F7-4668-BE54-9A1E7A4F7556}") = "Treug3a", "Lab06\Treug3a\Treug3a.csproj", "{4E413ABC-58C6-43A3-9ED2-303D2F07025F}"
EndProject
Project("{9A19103F-16F7-4668-BE54-9A1E7A4F7556}") = "ag01", "..\..\..\Users\ag\source\repos\ag01\ag01.csproj", "{9A2453D2-3BE1-48BB-A2B5-7353B244D42D}"
EndProject
Project("{9A19103F-16F7-4668-BE54-9A1E7A4F7556}") = "Alg", "Lab00\Alg\Alg.csproj", "{01AF575D-A639-4E5B-B1B3-78085C8A7B8C}"
EndProject
Project("{2150E333-8FDC-42A3-9474-1A3956D46DE8}") = "Lab07", "Lab07", "{09D44A82-88A7-4AF7-BB29-19A802C8E5B2}"
EndProject
Project("{2150E333-8FDC-42A3-9474-1A3956D46DE8}") = "Mod04", "Mod04", "{FA41F553-F02E-4DFF-888E-5E402782E43D}"
EndProject
Project("{2150E333-8FDC-42A3-9474-1A3956D46DE8}") = "Mod05", "Mod05", "{B58792EF-6B5C-4BC3-B7C6-D8988E0D4C75}"
EndProject
Project("{9A19103F-16F7-4668-BE54-9A1E7A4F7556}") = "Utils2", "Lab07\Utils2\Utils2.csproj", "{5D202380-4DFA-4E55-9160-37376F56C119}"
EndProject
Project("{9A19103F-16F7-4668-BE54-9A1E7A4F7556}") = "Bank", "Lab07\Bank\Bank.csproj", "{74F335DC-1DE1-4201-8FE4-1CE9B64BD77C}"
EndProject
Project("{9A19103F-16F7-4668-BE54-9A1E7A4F7556}") = "CopyFileUpper", "Lab07\CopyFileUpper\CopyFileUpper.csproj", "{E26A2CA3-E55B-4D8C-A680-106F6BF3251A}"
EndProject
Project("{9A19103F-16F7-4668-BE54-9A1E7A4F7556}") = "InterfaceTest", "Lab07\InterfaceTest\InterfaceTest.csproj", "{13BE221D-FD22-428B-B6F8-F0EDAE24FE55}"
EndProject
Project("{9A19103F-16F7-4668-BE54-9A1E7A4F7556}") = "TestDisplay", "Lab07\TestDisplay\TestDisplay.csproj", "{710CFEFA-165B-4466-9020-E54410D3A137}"
EndProject
Project("{9A19103F-16F7-4668-BE54-9A1E7A4F7556}") = "Books", "Lab07\Books\Books.csproj", "{FCCBEACF-067C-456C-8ED9-388D6EAF1A3B}"
EndProject
Project("{2150E333-8FDC-42A3-9474-1A3956D46DE8}") = "Lab08", "Lab08", "{DC57FD57-6CCE-4220-9D49-8A03E7E9F8A4}"
EndProject
Project("{2150E333-8FDC-42A3-9474-1A3956D46DE8}") = "Mod06", "Mod06", "{7F059B33-D04F-40F5-9428-FE179B4EF639}"
EndProject
Project("{9A19103F-16F7-4668-BE54-9A1E7A4F7556}") = "ConstructBank", "Lab08\ConstructBank\ConstructBank.csproj", "{5F8D2DC3-201E-4F35-A70F-CE676907A9D1}"
EndProject
Project("{9A19103F-16F7-4668-BE54-9A1E7A4F7556}") = "BankFinalizer", "Lab08\BankFinalizer\BankFinalizer.csproj", "{403D6894-3F9C-4A59-9C2E-FC41714B6F9B}"
EndProject
Project("{9A19103F-16F7-4668-BE54-9A1E7A4F7556}") = "Quadratic2", "Lab04\Quadratic2\Quadratic2.csproj", "{CED2F03E-42E9-4C23-9C2A-F8DFE391AC94}"
EndProject
Project("{9A19103F-16F7-4668-BE54-9A1E7A4F7556}") = "Treug4", "Lab08\Treug4\Treug4.csproj", "{5D136241-DAFD-4253-AC04-CA55DDCB04C4}"
EndProject
Project("{2150E333-8FDC-42A3-9474-1A3956D46DE8}") = "Lab09", "Lab09", "{E3F87092-AA63-4897-A738-A6D313FC6917}"
EndProject
Project("{9A19103F-16F7-4668-BE54-9A1E7A4F7556}") = "Books2", "Lab09\Books2\Books2.csproj", "{9C6E5D16-7D45-4273-B6FA-4AC2A737E435}"
EndProject
Project("{9A19103F-16F7-4668-BE54-9A1E7A4F7556}") = "GeometryTreug", "Lab09\GeometryTreug\GeometryTreug.csproj", "{A6E007BB-FC63-4D58-B15A-4FCEF4FA4EF8}"
EndProject
Project("{2150E333-8FDC-42A3-9474-1A3956D46DE8}") = "Lab10", "Lab10", "{5D4EE4E8-F9B6-4C1C-AD06-67C92C799A9C}"
EndProject
Project("{FAE04EC0-301F-11D3-BF4B-00C04F79EFBC}") = "Bank3", "Lab10\Bank3\Bank3.csproj", "{6C4A47E5-6B1B-416F-B66F-0461353CA89B}"
EndProject
Project("{FAE04EC0-301F-11D3-BF4B-00C04F79EFBC}") = "Banking", "Lab10\Banking\Banking.csproj", "{C8CB0720-F8E8-4573-9DA6-74B0D55C0E7A}"
EndProject
Project("{FAE04EC0-301F-11D3-BF4B-00C04F79EFBC}") = "BankLib", "Lab10\BankLib\BankLib.csproj", "{4EC7D08F-1D10-4158-9403-AA6A623B4B99}"
EndProject
Global
	GlobalSection(SolutionConfigurationPlatforms) = preSolution
		Debug|Any CPU = Debug|Any CPU
		Release|Any CPU = Release|Any CPU
	EndGlobalSection
	GlobalSection(ProjectConfigurationPlatforms) = postSolution
		{D2936283-A8CF-4DFE-9C65-97785649927C}.Debug|Any CPU.ActiveCfg = Debug|Any CPU
		{D2936283-A8CF-4DFE-9C65-97785649927C}.Debug|Any CPU.Build.0 = Debug|Any CPU
		{D2936283-A8CF-4DFE-9C65-97785649927C}.Release|Any CPU.ActiveCfg = Release|Any CPU
		{D2936283-A8CF-4DFE-9C65-97785649927C}.Release|Any CPU.Build.0 = Release|Any CPU
		{FD581E16-A417-4283-A588-4DE65BEF6C7E}.Debug|Any CPU.ActiveCfg = Debug|Any CPU
		{FD581E16-A417-4283-A588-4DE65BEF6C7E}.Debug|Any CPU.Build.0 = Debug|Any CPU
		{FD581E16-A417-4283-A588-4DE65BEF6C7E}.Release|Any CPU.ActiveCfg = Release|Any CPU
		{FD581E16-A417-4283-A588-4DE65BEF6C7E}.Release|Any CPU.Build.0 = Release|Any CPU
		{582114CB-E4F8-4C4D-9FE5-A0D0688FB5B0}.Debug|Any CPU.ActiveCfg = Debug|Any CPU
		{582114CB-E4F8-4C4D-9FE5-A0D0688FB5B0}.Debug|Any CPU.Build.0 = Debug|Any CPU
		{582114CB-E4F8-4C4D-9FE5-A0D0688FB5B0}.Release|Any CPU.ActiveCfg = Release|Any CPU
		{582114CB-E4F8-4C4D-9FE5-A0D0688FB5B0}.Release|Any CPU.Build.0 = Release|Any CPU
		{980C9B68-211F-485B-A7E0-2073549D383E}.Debug|Any CPU.ActiveCfg = Debug|Any CPU
		{980C9B68-211F-485B-A7E0-2073549D383E}.Debug|Any CPU.Build.0 = Debug|Any CPU
		{980C9B68-211F-485B-A7E0-2073549D383E}.Release|Any CPU.ActiveCfg = Release|Any CPU
		{980C9B68-211F-485B-A7E0-2073549D383E}.Release|Any CPU.Build.0 = Release|Any CPU
		{4CC3C413-FF61-422E-88A6-70F669C3AD1A}.Debug|Any CPU.ActiveCfg = Debug|Any CPU
		{4CC3C413-FF61-422E-88A6-70F669C3AD1A}.Debug|Any CPU.Build.0 = Debug|Any CPU
		{4CC3C413-FF61-422E-88A6-70F669C3AD1A}.Release|Any CPU.ActiveCfg = Release|Any CPU
		{4CC3C413-FF61-422E-88A6-70F669C3AD1A}.Release|Any CPU.Build.0 = Release|Any CPU
		{3076F381-EDEB-4397-A58A-3CB66852B731}.Debug|Any CPU.ActiveCfg = Debug|Any CPU
		{3076F381-EDEB-4397-A58A-3CB66852B731}.Debug|Any CPU.Build.0 = Debug|Any CPU
		{3076F381-EDEB-4397-A58A-3CB66852B731}.Release|Any CPU.ActiveCfg = Release|Any CPU
		{3076F381-EDEB-4397-A58A-3CB66852B731}.Release|Any CPU.Build.0 = Release|Any CPU
		{08D74289-2008-4A58-ABA9-C69E989EA856}.Debug|Any CPU.ActiveCfg = Debug|Any CPU
		{08D74289-2008-4A58-ABA9-C69E989EA856}.Debug|Any CPU.Build.0 = Debug|Any CPU
		{08D74289-2008-4A58-ABA9-C69E989EA856}.Release|Any CPU.ActiveCfg = Release|Any CPU
		{08D74289-2008-4A58-ABA9-C69E989EA856}.Release|Any CPU.Build.0 = Release|Any CPU
		{054BD332-7D06-46AF-B037-C9D80235C0F4}.Debug|Any CPU.ActiveCfg = Debug|Any CPU
		{054BD332-7D06-46AF-B037-C9D80235C0F4}.Debug|Any CPU.Build.0 = Debug|Any CPU
		{054BD332-7D06-46AF-B037-C9D80235C0F4}.Release|Any CPU.ActiveCfg = Release|Any CPU
		{054BD332-7D06-46AF-B037-C9D80235C0F4}.Release|Any CPU.Build.0 = Release|Any CPU
		{0FE2FF1C-B747-4921-87A5-B0C76448B404}.Debug|Any CPU.ActiveCfg = Debug|Any CPU
		{0FE2FF1C-B747-4921-87A5-B0C76448B404}.Debug|Any CPU.Build.0 = Debug|Any CPU
		{0FE2FF1C-B747-4921-87A5-B0C76448B404}.Release|Any CPU.ActiveCfg = Release|Any CPU
		{0FE2FF1C-B747-4921-87A5-B0C76448B404}.Release|Any CPU.Build.0 = Release|Any CPU
		{2D4B162D-BD90-447D-B8A7-1A98CE8E8A1B}.Debug|Any CPU.ActiveCfg = Debug|Any CPU
		{2D4B162D-BD90-447D-B8A7-1A98CE8E8A1B}.Debug|Any CPU.Build.0 = Debug|Any CPU
		{2D4B162D-BD90-447D-B8A7-1A98CE8E8A1B}.Release|Any CPU.ActiveCfg = Release|Any CPU
		{2D4B162D-BD90-447D-B8A7-1A98CE8E8A1B}.Release|Any CPU.Build.0 = Release|Any CPU
		{BDE33E01-DB69-42BF-AA10-4DA8CA55B71A}.Debug|Any CPU.ActiveCfg = Debug|Any CPU
		{BDE33E01-DB69-42BF-AA10-4DA8CA55B71A}.Debug|Any CPU.Build.0 = Debug|Any CPU
		{BDE33E01-DB69-42BF-AA10-4DA8CA55B71A}.Release|Any CPU.ActiveCfg = Release|Any CPU
		{BDE33E01-DB69-42BF-AA10-4DA8CA55B71A}.Release|Any CPU.Build.0 = Release|Any CPU
		{6EA8C551-70FD-4EF2-BF3A-D0FD2F869F74}.Debug|Any CPU.ActiveCfg = Debug|Any CPU
		{6EA8C551-70FD-4EF2-BF3A-D0FD2F869F74}.Debug|Any CPU.Build.0 = Debug|Any CPU
		{6EA8C551-70FD-4EF2-BF3A-D0FD2F869F74}.Release|Any CPU.ActiveCfg = Release|Any CPU
		{6EA8C551-70FD-4EF2-BF3A-D0FD2F869F74}.Release|Any CPU.Build.0 = Release|Any CPU
		{DBE21022-7075-4027-8FC7-486EFCBF0F43}.Debug|Any CPU.ActiveCfg = Debug|Any CPU
		{DBE21022-7075-4027-8FC7-486EFCBF0F43}.Debug|Any CPU.Build.0 = Debug|Any CPU
		{DBE21022-7075-4027-8FC7-486EFCBF0F43}.Release|Any CPU.ActiveCfg = Release|Any CPU
		{DBE21022-7075-4027-8FC7-486EFCBF0F43}.Release|Any CPU.Build.0 = Release|Any CPU
		{86ECB57F-50B9-46BC-985B-293FB2AF94DF}.Debug|Any CPU.ActiveCfg = Debug|Any CPU
		{86ECB57F-50B9-46BC-985B-293FB2AF94DF}.Debug|Any CPU.Build.0 = Debug|Any CPU
		{86ECB57F-50B9-46BC-985B-293FB2AF94DF}.Release|Any CPU.ActiveCfg = Release|Any CPU
		{86ECB57F-50B9-46BC-985B-293FB2AF94DF}.Release|Any CPU.Build.0 = Release|Any CPU
		{9CA1416A-A4BC-43D7-96E3-089953FE0A7A}.Debug|Any CPU.ActiveCfg = Debug|Any CPU
		{9CA1416A-A4BC-43D7-96E3-089953FE0A7A}.Debug|Any CPU.Build.0 = Debug|Any CPU
		{9CA1416A-A4BC-43D7-96E3-089953FE0A7A}.Release|Any CPU.ActiveCfg = Release|Any CPU
		{9CA1416A-A4BC-43D7-96E3-089953FE0A7A}.Release|Any CPU.Build.0 = Release|Any CPU
		{CDF2382F-82B3-4744-B33A-25ECC489570B}.Debug|Any CPU.ActiveCfg = Debug|Any CPU
		{CDF2382F-82B3-4744-B33A-25ECC489570B}.Debug|Any CPU.Build.0 = Debug|Any CPU
		{CDF2382F-82B3-4744-B33A-25ECC489570B}.Release|Any CPU.ActiveCfg = Release|Any CPU
		{CDF2382F-82B3-4744-B33A-25ECC489570B}.Release|Any CPU.Build.0 = Release|Any CPU
		{607F9A62-95A1-4FDC-820C-4CBC3C8444A4}.Debug|Any CPU.ActiveCfg = Debug|Any CPU
		{607F9A62-95A1-4FDC-820C-4CBC3C8444A4}.Debug|Any CPU.Build.0 = Debug|Any CPU
		{607F9A62-95A1-4FDC-820C-4CBC3C8444A4}.Release|Any CPU.ActiveCfg = Release|Any CPU
		{607F9A62-95A1-4FDC-820C-4CBC3C8444A4}.Release|Any CPU.Build.0 = Release|Any CPU
		{9F6054FB-A39C-42B9-8DCF-A070473B75D5}.Debug|Any CPU.ActiveCfg = Debug|Any CPU
		{9F6054FB-A39C-42B9-8DCF-A070473B75D5}.Debug|Any CPU.Build.0 = Debug|Any CPU
		{9F6054FB-A39C-42B9-8DCF-A070473B75D5}.Release|Any CPU.ActiveCfg = Release|Any CPU
		{9F6054FB-A39C-42B9-8DCF-A070473B75D5}.Release|Any CPU.Build.0 = Release|Any CPU
		{41AA1F48-6812-48BB-BC59-F7574598F6AA}.Debug|Any CPU.ActiveCfg = Debug|Any CPU
		{41AA1F48-6812-48BB-BC59-F7574598F6AA}.Debug|Any CPU.Build.0 = Debug|Any CPU
		{41AA1F48-6812-48BB-BC59-F7574598F6AA}.Release|Any CPU.ActiveCfg = Release|Any CPU
		{41AA1F48-6812-48BB-BC59-F7574598F6AA}.Release|Any CPU.Build.0 = Release|Any CPU
		{3519E0B7-A695-4F0F-995D-52560F8D7178}.Debug|Any CPU.ActiveCfg = Debug|Any CPU
		{3519E0B7-A695-4F0F-995D-52560F8D7178}.Debug|Any CPU.Build.0 = Debug|Any CPU
		{3519E0B7-A695-4F0F-995D-52560F8D7178}.Release|Any CPU.ActiveCfg = Release|Any CPU
		{3519E0B7-A695-4F0F-995D-52560F8D7178}.Release|Any CPU.Build.0 = Release|Any CPU
		{A419DE3B-F89E-4B99-8D29-35C61FEC2D5C}.Debug|Any CPU.ActiveCfg = Debug|Any CPU
		{A419DE3B-F89E-4B99-8D29-35C61FEC2D5C}.Debug|Any CPU.Build.0 = Debug|Any CPU
		{A419DE3B-F89E-4B99-8D29-35C61FEC2D5C}.Release|Any CPU.ActiveCfg = Release|Any CPU
		{A419DE3B-F89E-4B99-8D29-35C61FEC2D5C}.Release|Any CPU.Build.0 = Release|Any CPU
		{F0E8F718-C5A6-45D6-B4F6-ED12C8846EAE}.Debug|Any CPU.ActiveCfg = Debug|Any CPU
		{F0E8F718-C5A6-45D6-B4F6-ED12C8846EAE}.Debug|Any CPU.Build.0 = Debug|Any CPU
		{F0E8F718-C5A6-45D6-B4F6-ED12C8846EAE}.Release|Any CPU.ActiveCfg = Release|Any CPU
		{F0E8F718-C5A6-45D6-B4F6-ED12C8846EAE}.Release|Any CPU.Build.0 = Release|Any CPU
		{6353A02E-8D14-4E16-883A-7C1EE98DF517}.Debug|Any CPU.ActiveCfg = Debug|Any CPU
		{6353A02E-8D14-4E16-883A-7C1EE98DF517}.Debug|Any CPU.Build.0 = Debug|Any CPU
		{6353A02E-8D14-4E16-883A-7C1EE98DF517}.Release|Any CPU.ActiveCfg = Release|Any CPU
		{6353A02E-8D14-4E16-883A-7C1EE98DF517}.Release|Any CPU.Build.0 = Release|Any CPU
		{281EA616-4AF7-4558-AA8B-C04492ED6E06}.Debug|Any CPU.ActiveCfg = Debug|Any CPU
		{281EA616-4AF7-4558-AA8B-C04492ED6E06}.Debug|Any CPU.Build.0 = Debug|Any CPU
		{281EA616-4AF7-4558-AA8B-C04492ED6E06}.Release|Any CPU.ActiveCfg = Release|Any CPU
		{281EA616-4AF7-4558-AA8B-C04492ED6E06}.Release|Any CPU.Build.0 = Release|Any CPU
		{AD48AF02-42EE-4F43-AB1B-C489479583D7}.Debug|Any CPU.ActiveCfg = Debug|Any CPU
		{AD48AF02-42EE-4F43-AB1B-C489479583D7}.Debug|Any CPU.Build.0 = Debug|Any CPU
		{AD48AF02-42EE-4F43-AB1B-C489479583D7}.Release|Any CPU.ActiveCfg = Release|Any CPU
		{AD48AF02-42EE-4F43-AB1B-C489479583D7}.Release|Any CPU.Build.0 = Release|Any CPU
		{158655D4-85E0-48BD-9CE3-6B05B9A37F60}.Debug|Any CPU.ActiveCfg = Debug|Any CPU
		{158655D4-85E0-48BD-9CE3-6B05B9A37F60}.Debug|Any CPU.Build.0 = Debug|Any CPU
		{158655D4-85E0-48BD-9CE3-6B05B9A37F60}.Release|Any CPU.ActiveCfg = Release|Any CPU
		{158655D4-85E0-48BD-9CE3-6B05B9A37F60}.Release|Any CPU.Build.0 = Release|Any CPU
		{1849FB71-C9E2-4E6F-98C4-B8BF9D1662B3}.Debug|Any CPU.ActiveCfg = Debug|Any CPU
		{1849FB71-C9E2-4E6F-98C4-B8BF9D1662B3}.Debug|Any CPU.Build.0 = Debug|Any CPU
		{1849FB71-C9E2-4E6F-98C4-B8BF9D1662B3}.Release|Any CPU.ActiveCfg = Release|Any CPU
		{1849FB71-C9E2-4E6F-98C4-B8BF9D1662B3}.Release|Any CPU.Build.0 = Release|Any CPU
		{D3DDF0FB-DD47-4CBF-B813-1EA982D11D17}.Debug|Any CPU.ActiveCfg = Debug|Any CPU
		{D3DDF0FB-DD47-4CBF-B813-1EA982D11D17}.Debug|Any CPU.Build.0 = Debug|Any CPU
		{D3DDF0FB-DD47-4CBF-B813-1EA982D11D17}.Release|Any CPU.ActiveCfg = Release|Any CPU
		{D3DDF0FB-DD47-4CBF-B813-1EA982D11D17}.Release|Any CPU.Build.0 = Release|Any CPU
		{BF13DBC0-1834-49BA-9DB2-225928483FA1}.Debug|Any CPU.ActiveCfg = Debug|Any CPU
		{BF13DBC0-1834-49BA-9DB2-225928483FA1}.Debug|Any CPU.Build.0 = Debug|Any CPU
		{BF13DBC0-1834-49BA-9DB2-225928483FA1}.Release|Any CPU.ActiveCfg = Release|Any CPU
		{BF13DBC0-1834-49BA-9DB2-225928483FA1}.Release|Any CPU.Build.0 = Release|Any CPU
		{939AB02C-FD82-4D37-9780-F8C02A32CC8D}.Debug|Any CPU.ActiveCfg = Debug|Any CPU
		{939AB02C-FD82-4D37-9780-F8C02A32CC8D}.Debug|Any CPU.Build.0 = Debug|Any CPU
		{939AB02C-FD82-4D37-9780-F8C02A32CC8D}.Release|Any CPU.ActiveCfg = Release|Any CPU
		{939AB02C-FD82-4D37-9780-F8C02A32CC8D}.Release|Any CPU.Build.0 = Release|Any CPU
		{4E413ABC-58C6-43A3-9ED2-303D2F07025F}.Debug|Any CPU.ActiveCfg = Debug|Any CPU
		{4E413ABC-58C6-43A3-9ED2-303D2F07025F}.Debug|Any CPU.Build.0 = Debug|Any CPU
		{4E413ABC-58C6-43A3-9ED2-303D2F07025F}.Release|Any CPU.ActiveCfg = Release|Any CPU
		{4E413ABC-58C6-43A3-9ED2-303D2F07025F}.Release|Any CPU.Build.0 = Release|Any CPU
		{9A2453D2-3BE1-48BB-A2B5-7353B244D42D}.Debug|Any CPU.ActiveCfg = Debug|Any CPU
		{9A2453D2-3BE1-48BB-A2B5-7353B244D42D}.Debug|Any CPU.Build.0 = Debug|Any CPU
		{9A2453D2-3BE1-48BB-A2B5-7353B244D42D}.Release|Any CPU.ActiveCfg = Release|Any CPU
		{9A2453D2-3BE1-48BB-A2B5-7353B244D42D}.Release|Any CPU.Build.0 = Release|Any CPU
		{01AF575D-A639-4E5B-B1B3-78085C8A7B8C}.Debug|Any CPU.ActiveCfg = Debug|Any CPU
		{01AF575D-A639-4E5B-B1B3-78085C8A7B8C}.Debug|Any CPU.Build.0 = Debug|Any CPU
		{01AF575D-A639-4E5B-B1B3-78085C8A7B8C}.Release|Any CPU.ActiveCfg = Release|Any CPU
		{01AF575D-A639-4E5B-B1B3-78085C8A7B8C}.Release|Any CPU.Build.0 = Release|Any CPU
		{5D202380-4DFA-4E55-9160-37376F56C119}.Debug|Any CPU.ActiveCfg = Debug|Any CPU
		{5D202380-4DFA-4E55-9160-37376F56C119}.Debug|Any CPU.Build.0 = Debug|Any CPU
		{5D202380-4DFA-4E55-9160-37376F56C119}.Release|Any CPU.ActiveCfg = Release|Any CPU
		{5D202380-4DFA-4E55-9160-37376F56C119}.Release|Any CPU.Build.0 = Release|Any CPU
		{74F335DC-1DE1-4201-8FE4-1CE9B64BD77C}.Debug|Any CPU.ActiveCfg = Debug|Any CPU
		{74F335DC-1DE1-4201-8FE4-1CE9B64BD77C}.Debug|Any CPU.Build.0 = Debug|Any CPU
		{74F335DC-1DE1-4201-8FE4-1CE9B64BD77C}.Release|Any CPU.ActiveCfg = Release|Any CPU
		{74F335DC-1DE1-4201-8FE4-1CE9B64BD77C}.Release|Any CPU.Build.0 = Release|Any CPU
		{E26A2CA3-E55B-4D8C-A680-106F6BF3251A}.Debug|Any CPU.ActiveCfg = Debug|Any CPU
		{E26A2CA3-E55B-4D8C-A680-106F6BF3251A}.Debug|Any CPU.Build.0 = Debug|Any CPU
		{E26A2CA3-E55B-4D8C-A680-106F6BF3251A}.Release|Any CPU.ActiveCfg = Release|Any CPU
		{E26A2CA3-E55B-4D8C-A680-106F6BF3251A}.Release|Any CPU.Build.0 = Release|Any CPU
		{13BE221D-FD22-428B-B6F8-F0EDAE24FE55}.Debug|Any CPU.ActiveCfg = Debug|Any CPU
		{13BE221D-FD22-428B-B6F8-F0EDAE24FE55}.Debug|Any CPU.Build.0 = Debug|Any CPU
		{13BE221D-FD22-428B-B6F8-F0EDAE24FE55}.Release|Any CPU.ActiveCfg = Release|Any CPU
		{13BE221D-FD22-428B-B6F8-F0EDAE24FE55}.Release|Any CPU.Build.0 = Release|Any CPU
		{710CFEFA-165B-4466-9020-E54410D3A137}.Debug|Any CPU.ActiveCfg = Debug|Any CPU
		{710CFEFA-165B-4466-9020-E54410D3A137}.Debug|Any CPU.Build.0 = Debug|Any CPU
		{710CFEFA-165B-4466-9020-E54410D3A137}.Release|Any CPU.ActiveCfg = Release|Any CPU
		{710CFEFA-165B-4466-9020-E54410D3A137}.Release|Any CPU.Build.0 = Release|Any CPU
		{FCCBEACF-067C-456C-8ED9-388D6EAF1A3B}.Debug|Any CPU.ActiveCfg = Debug|Any CPU
		{FCCBEACF-067C-456C-8ED9-388D6EAF1A3B}.Debug|Any CPU.Build.0 = Debug|Any CPU
		{FCCBEACF-067C-456C-8ED9-388D6EAF1A3B}.Release|Any CPU.ActiveCfg = Release|Any CPU
		{FCCBEACF-067C-456C-8ED9-388D6EAF1A3B}.Release|Any CPU.Build.0 = Release|Any CPU
		{5F8D2DC3-201E-4F35-A70F-CE676907A9D1}.Debug|Any CPU.ActiveCfg = Debug|Any CPU
		{5F8D2DC3-201E-4F35-A70F-CE676907A9D1}.Debug|Any CPU.Build.0 = Debug|Any CPU
		{5F8D2DC3-201E-4F35-A70F-CE676907A9D1}.Release|Any CPU.ActiveCfg = Release|Any CPU
		{5F8D2DC3-201E-4F35-A70F-CE676907A9D1}.Release|Any CPU.Build.0 = Release|Any CPU
		{403D6894-3F9C-4A59-9C2E-FC41714B6F9B}.Debug|Any CPU.ActiveCfg = Debug|Any CPU
		{403D6894-3F9C-4A59-9C2E-FC41714B6F9B}.Debug|Any CPU.Build.0 = Debug|Any CPU
		{403D6894-3F9C-4A59-9C2E-FC41714B6F9B}.Release|Any CPU.ActiveCfg = Release|Any CPU
		{403D6894-3F9C-4A59-9C2E-FC41714B6F9B}.Release|Any CPU.Build.0 = Release|Any CPU
		{CED2F03E-42E9-4C23-9C2A-F8DFE391AC94}.Debug|Any CPU.ActiveCfg = Debug|Any CPU
		{CED2F03E-42E9-4C23-9C2A-F8DFE391AC94}.Debug|Any CPU.Build.0 = Debug|Any CPU
		{CED2F03E-42E9-4C23-9C2A-F8DFE391AC94}.Release|Any CPU.ActiveCfg = Release|Any CPU
		{CED2F03E-42E9-4C23-9C2A-F8DFE391AC94}.Release|Any CPU.Build.0 = Release|Any CPU
		{5D136241-DAFD-4253-AC04-CA55DDCB04C4}.Debug|Any CPU.ActiveCfg = Debug|Any CPU
		{5D136241-DAFD-4253-AC04-CA55DDCB04C4}.Debug|Any CPU.Build.0 = Debug|Any CPU
		{5D136241-DAFD-4253-AC04-CA55DDCB04C4}.Release|Any CPU.ActiveCfg = Release|Any CPU
		{5D136241-DAFD-4253-AC04-CA55DDCB04C4}.Release|Any CPU.Build.0 = Release|Any CPU
		{9C6E5D16-7D45-4273-B6FA-4AC2A737E435}.Debug|Any CPU.ActiveCfg = Debug|Any CPU
		{9C6E5D16-7D45-4273-B6FA-4AC2A737E435}.Debug|Any CPU.Build.0 = Debug|Any CPU
		{9C6E5D16-7D45-4273-B6FA-4AC2A737E435}.Release|Any CPU.ActiveCfg = Release|Any CPU
		{9C6E5D16-7D45-4273-B6FA-4AC2A737E435}.Release|Any CPU.Build.0 = Release|Any CPU
		{A6E007BB-FC63-4D58-B15A-4FCEF4FA4EF8}.Debug|Any CPU.ActiveCfg = Debug|Any CPU
		{A6E007BB-FC63-4D58-B15A-4FCEF4FA4EF8}.Debug|Any CPU.Build.0 = Debug|Any CPU
		{A6E007BB-FC63-4D58-B15A-4FCEF4FA4EF8}.Release|Any CPU.ActiveCfg = Release|Any CPU
		{A6E007BB-FC63-4D58-B15A-4FCEF4FA4EF8}.Release|Any CPU.Build.0 = Release|Any CPU
		{6C4A47E5-6B1B-416F-B66F-0461353CA89B}.Debug|Any CPU.ActiveCfg = Debug|Any CPU
		{6C4A47E5-6B1B-416F-B66F-0461353CA89B}.Debug|Any CPU.Build.0 = Debug|Any CPU
		{6C4A47E5-6B1B-416F-B66F-0461353CA89B}.Release|Any CPU.ActiveCfg = Release|Any CPU
		{6C4A47E5-6B1B-416F-B66F-0461353CA89B}.Release|Any CPU.Build.0 = Release|Any CPU
		{C8CB0720-F8E8-4573-9DA6-74B0D55C0E7A}.Debug|Any CPU.ActiveCfg = Debug|Any CPU
		{C8CB0720-F8E8-4573-9DA6-74B0D55C0E7A}.Debug|Any CPU.Build.0 = Debug|Any CPU
		{C8CB0720-F8E8-4573-9DA6-74B0D55C0E7A}.Release|Any CPU.ActiveCfg = Release|Any CPU
		{C8CB0720-F8E8-4573-9DA6-74B0D55C0E7A}.Release|Any CPU.Build.0 = Release|Any CPU
		{4EC7D08F-1D10-4158-9403-AA6A623B4B99}.Debug|Any CPU.ActiveCfg = Debug|Any CPU
		{4EC7D08F-1D10-4158-9403-AA6A623B4B99}.Debug|Any CPU.Build.0 = Debug|Any CPU
		{4EC7D08F-1D10-4158-9403-AA6A623B4B99}.Release|Any CPU.ActiveCfg = Release|Any CPU
		{4EC7D08F-1D10-4158-9403-AA6A623B4B99}.Release|Any CPU.Build.0 = Release|Any CPU
	EndGlobalSection
	GlobalSection(SolutionProperties) = preSolution
		HideSolutionNode = FALSE
	EndGlobalSection
	GlobalSection(NestedProjects) = preSolution
		{D2936283-A8CF-4DFE-9C65-97785649927C} = {334A47D3-597C-4ED4-9C67-9FC2543C827E}
		{FD581E16-A417-4283-A588-4DE65BEF6C7E} = {334A47D3-597C-4ED4-9C67-9FC2543C827E}
		{582114CB-E4F8-4C4D-9FE5-A0D0688FB5B0} = {334A47D3-597C-4ED4-9C67-9FC2543C827E}
		{980C9B68-211F-485B-A7E0-2073549D383E} = {A30E4B4B-1D4E-4429-B01E-A229BFE45ECF}
		{4CC3C413-FF61-422E-88A6-70F669C3AD1A} = {A30E4B4B-1D4E-4429-B01E-A229BFE45ECF}
		{3076F381-EDEB-4397-A58A-3CB66852B731} = {D97B9D44-FCDA-4CB5-A8FD-DE2B372CBB09}
		{08D74289-2008-4A58-ABA9-C69E989EA856} = {A30E4B4B-1D4E-4429-B01E-A229BFE45ECF}
		{054BD332-7D06-46AF-B037-C9D80235C0F4} = {A30E4B4B-1D4E-4429-B01E-A229BFE45ECF}
		{0FE2FF1C-B747-4921-87A5-B0C76448B404} = {D97B9D44-FCDA-4CB5-A8FD-DE2B372CBB09}
		{2D4B162D-BD90-447D-B8A7-1A98CE8E8A1B} = {D97B9D44-FCDA-4CB5-A8FD-DE2B372CBB09}
		{BDE33E01-DB69-42BF-AA10-4DA8CA55B71A} = {D97B9D44-FCDA-4CB5-A8FD-DE2B372CBB09}
		{6EA8C551-70FD-4EF2-BF3A-D0FD2F869F74} = {D97B9D44-FCDA-4CB5-A8FD-DE2B372CBB09}
		{DBE21022-7075-4027-8FC7-486EFCBF0F43} = {D97B9D44-FCDA-4CB5-A8FD-DE2B372CBB09}
		{86ECB57F-50B9-46BC-985B-293FB2AF94DF} = {D97B9D44-FCDA-4CB5-A8FD-DE2B372CBB09}
		{9CA1416A-A4BC-43D7-96E3-089953FE0A7A} = {D97B9D44-FCDA-4CB5-A8FD-DE2B372CBB09}
		{CDF2382F-82B3-4744-B33A-25ECC489570B} = {D97B9D44-FCDA-4CB5-A8FD-DE2B372CBB09}
		{607F9A62-95A1-4FDC-820C-4CBC3C8444A4} = {D97B9D44-FCDA-4CB5-A8FD-DE2B372CBB09}
		{9F6054FB-A39C-42B9-8DCF-A070473B75D5} = {CF7CDA7B-C2EC-48F2-BA4A-0E56D312A2EA}
		{41AA1F48-6812-48BB-BC59-F7574598F6AA} = {CF7CDA7B-C2EC-48F2-BA4A-0E56D312A2EA}
		{3519E0B7-A695-4F0F-995D-52560F8D7178} = {CF7CDA7B-C2EC-48F2-BA4A-0E56D312A2EA}
		{A419DE3B-F89E-4B99-8D29-35C61FEC2D5C} = {CF7CDA7B-C2EC-48F2-BA4A-0E56D312A2EA}
		{F0E8F718-C5A6-45D6-B4F6-ED12C8846EAE} = {3C5445A0-E87C-417B-9C12-DA994393CB0F}
		{6353A02E-8D14-4E16-883A-7C1EE98DF517} = {3C5445A0-E87C-417B-9C12-DA994393CB0F}
		{281EA616-4AF7-4558-AA8B-C04492ED6E06} = {3C5445A0-E87C-417B-9C12-DA994393CB0F}
		{AD48AF02-42EE-4F43-AB1B-C489479583D7} = {0BF84C52-C97F-4766-9993-5529C5621624}
		{158655D4-85E0-48BD-9CE3-6B05B9A37F60} = {0BF84C52-C97F-4766-9993-5529C5621624}
		{1849FB71-C9E2-4E6F-98C4-B8BF9D1662B3} = {0BF84C52-C97F-4766-9993-5529C5621624}
		{D3DDF0FB-DD47-4CBF-B813-1EA982D11D17} = {F9C64ADC-F17E-4DD5-BBCF-E029648F13C2}
		{BF13DBC0-1834-49BA-9DB2-225928483FA1} = {F9C64ADC-F17E-4DD5-BBCF-E029648F13C2}
		{939AB02C-FD82-4D37-9780-F8C02A32CC8D} = {F9C64ADC-F17E-4DD5-BBCF-E029648F13C2}
		{4E413ABC-58C6-43A3-9ED2-303D2F07025F} = {F9C64ADC-F17E-4DD5-BBCF-E029648F13C2}
		{9A2453D2-3BE1-48BB-A2B5-7353B244D42D} = {2EB6FAA8-4B55-44C2-83A1-D24C6F99942F}
		{01AF575D-A639-4E5B-B1B3-78085C8A7B8C} = {2EB6FAA8-4B55-44C2-83A1-D24C6F99942F}
		{5D202380-4DFA-4E55-9160-37376F56C119} = {09D44A82-88A7-4AF7-BB29-19A802C8E5B2}
		{74F335DC-1DE1-4201-8FE4-1CE9B64BD77C} = {09D44A82-88A7-4AF7-BB29-19A802C8E5B2}
		{E26A2CA3-E55B-4D8C-A680-106F6BF3251A} = {09D44A82-88A7-4AF7-BB29-19A802C8E5B2}
		{13BE221D-FD22-428B-B6F8-F0EDAE24FE55} = {09D44A82-88A7-4AF7-BB29-19A802C8E5B2}
		{710CFEFA-165B-4466-9020-E54410D3A137} = {09D44A82-88A7-4AF7-BB29-19A802C8E5B2}
		{FCCBEACF-067C-456C-8ED9-388D6EAF1A3B} = {09D44A82-88A7-4AF7-BB29-19A802C8E5B2}
		{5F8D2DC3-201E-4F35-A70F-CE676907A9D1} = {DC57FD57-6CCE-4220-9D49-8A03E7E9F8A4}
		{403D6894-3F9C-4A59-9C2E-FC41714B6F9B} = {DC57FD57-6CCE-4220-9D49-8A03E7E9F8A4}
		{CED2F03E-42E9-4C23-9C2A-F8DFE391AC94} = {CF7CDA7B-C2EC-48F2-BA4A-0E56D312A2EA}
		{5D136241-DAFD-4253-AC04-CA55DDCB04C4} = {DC57FD57-6CCE-4220-9D49-8A03E7E9F8A4}
		{9C6E5D16-7D45-4273-B6FA-4AC2A737E435} = {E3F87092-AA63-4897-A738-A6D313FC6917}
		{A6E007BB-FC63-4D58-B15A-4FCEF4FA4EF8} = {E3F87092-AA63-4897-A738-A6D313FC6917}
		{6C4A47E5-6B1B-416F-B66F-0461353CA89B} = {5D4EE4E8-F9B6-4C1C-AD06-67C92C799A9C}
		{C8CB0720-F8E8-4573-9DA6-74B0D55C0E7A} = {5D4EE4E8-F9B6-4C1C-AD06-67C92C799A9C}
		{4EC7D08F-1D10-4158-9403-AA6A623B4B99} = {5D4EE4E8-F9B6-4C1C-AD06-67C92C799A9C}
	EndGlobalSection
	GlobalSection(ExtensibilityGlobals) = postSolution
		SolutionGuid = {477323D2-BE5B-48F2-8EAE-FE09C20029C9}
	EndGlobalSection
EndGlobal
