
Microsoft Visual Studio Solution File, Format Version 12.00
# Visual Studio Version 17
VisualStudioVersion = 17.11.35327.3
MinimumVisualStudioVersion = 10.0.40219.1
Project("{9A19103F-16F7-4668-BE54-9A1E7A4F7556}") = "Greetings", "Lab01\Greetings\Greetings.csproj", "{D2936283-A8CF-4DFE-9C65-97785649927C}"
EndProject
Project("{2150E333-8FDC-42A3-9474-1A3956D46DE8}") = "Lab00", "Lab00", "{2EB6FAA8-4B55-44C2-83A1-D24C6F99942F}"
EndProject
Project("{2150E333-8FDC-42A3-9474-1A3956D46DE8}") = "Lab01", "Lab01", "{334A47D3-597C-4ED4-9C67-9FC2543C827E}"
EndProject
Project("{2150E333-8FDC-42A3-9474-1A3956D46DE8}") = "Lab02", "Lab02", "{A30E4B4B-1D4E-4429-B01E-A229BFE45ECF}"
EndProject
Project("{9A19103F-16F7-4668-BE54-9A1E7A4F7556}") = "Divider", "Lab01\Divider\Divider.csproj", "{FD581E16-A417-4283-A588-4DE65BEF6C7E}"
EndProject
Project("{9A19103F-16F7-4668-BE54-9A1E7A4F7556}") = "Treug", "Lab01\Treug\Treug.csproj", "{582114CB-E4F8-4C4D-9FE5-A0D0688FB5B0}"
EndProject
Project("{2150E333-8FDC-42A3-9474-1A3956D46DE8}") = "Lab03", "Lab03", "{D97B9D44-FCDA-4CB5-A8FD-DE2B372CBB09}"
EndProject
Project("{FAE04EC0-301F-11D3-BF4B-00C04F79EFBC}") = "BankAccount", "Lab02\Starter\BankAccount\BankAccount.csproj", "{46BE1629-0C86-452A-A494-461543AF2C62}"
EndProject
Project("{FAE04EC0-301F-11D3-BF4B-00C04F79EFBC}") = "StructType", "Lab02\Starter\StructType\StructType.csproj", "{B26EBA2E-CB47-4644-85A8-3E07E17CEA7B}"
EndProject
Project("{FAE04EC0-301F-11D3-BF4B-00C04F79EFBC}") = "Distance", "Lab02\Distance\Distance.csproj", "{980C9B68-211F-485B-A7E0-2073549D383E}"
EndProject
Project("{FAE04EC0-301F-11D3-BF4B-00C04F79EFBC}") = "Distance2", "Lab02\Distance2\Distance2.csproj", "{4CC3C413-FF61-422E-88A6-70F669C3AD1A}"
EndProject
Global
	GlobalSection(SolutionConfigurationPlatforms) = preSolution
		Debug|Any CPU = Debug|Any CPU
		Release|Any CPU = Release|Any CPU
	EndGlobalSection
	GlobalSection(ProjectConfigurationPlatforms) = postSolution
		{D2936283-A8CF-4DFE-9C65-97785649927C}.Debug|Any CPU.ActiveCfg = Debug|Any CPU
		{D2936283-A8CF-4DFE-9C65-97785649927C}.Debug|Any CPU.Build.0 = Debug|Any CPU
		{D2936283-A8CF-4DFE-9C65-97785649927C}.Release|Any CPU.ActiveCfg = Release|Any CPU
		{D2936283-A8CF-4DFE-9C65-97785649927C}.Release|Any CPU.Build.0 = Release|Any CPU
		{FD581E16-A417-4283-A588-4DE65BEF6C7E}.Debug|Any CPU.ActiveCfg = Debug|Any CPU
		{FD581E16-A417-4283-A588-4DE65BEF6C7E}.Debug|Any CPU.Build.0 = Debug|Any CPU
		{FD581E16-A417-4283-A588-4DE65BEF6C7E}.Release|Any CPU.ActiveCfg = Release|Any CPU
		{FD581E16-A417-4283-A588-4DE65BEF6C7E}.Release|Any CPU.Build.0 = Release|Any CPU
		{582114CB-E4F8-4C4D-9FE5-A0D0688FB5B0}.Debug|Any CPU.ActiveCfg = Debug|Any CPU
		{582114CB-E4F8-4C4D-9FE5-A0D0688FB5B0}.Debug|Any CPU.Build.0 = Debug|Any CPU
		{582114CB-E4F8-4C4D-9FE5-A0D0688FB5B0}.Release|Any CPU.ActiveCfg = Release|Any CPU
		{582114CB-E4F8-4C4D-9FE5-A0D0688FB5B0}.Release|Any CPU.Build.0 = Release|Any CPU
		{46BE1629-0C86-452A-A494-461543AF2C62}.Debug|Any CPU.ActiveCfg = Debug|Any CPU
		{46BE1629-0C86-452A-A494-461543AF2C62}.Debug|Any CPU.Build.0 = Debug|Any CPU
		{46BE1629-0C86-452A-A494-461543AF2C62}.Release|Any CPU.ActiveCfg = Release|Any CPU
		{46BE1629-0C86-452A-A494-461543AF2C62}.Release|Any CPU.Build.0 = Release|Any CPU
		{B26EBA2E-CB47-4644-85A8-3E07E17CEA7B}.Debug|Any CPU.ActiveCfg = Debug|Any CPU
		{B26EBA2E-CB47-4644-85A8-3E07E17CEA7B}.Debug|Any CPU.Build.0 = Debug|Any CPU
		{B26EBA2E-CB47-4644-85A8-3E07E17CEA7B}.Release|Any CPU.ActiveCfg = Release|Any CPU
		{B26EBA2E-CB47-4644-85A8-3E07E17CEA7B}.Release|Any CPU.Build.0 = Release|Any CPU
		{980C9B68-211F-485B-A7E0-2073549D383E}.Debug|Any CPU.ActiveCfg = Debug|Any CPU
		{980C9B68-211F-485B-A7E0-2073549D383E}.Debug|Any CPU.Build.0 = Debug|Any CPU
		{980C9B68-211F-485B-A7E0-2073549D383E}.Release|Any CPU.ActiveCfg = Release|Any CPU
		{980C9B68-211F-485B-A7E0-2073549D383E}.Release|Any CPU.Build.0 = Release|Any CPU
		{4CC3C413-FF61-422E-88A6-70F669C3AD1A}.Debug|Any CPU.ActiveCfg = Debug|Any CPU
		{4CC3C413-FF61-422E-88A6-70F669C3AD1A}.Debug|Any CPU.Build.0 = Debug|Any CPU
		{4CC3C413-FF61-422E-88A6-70F669C3AD1A}.Release|Any CPU.ActiveCfg = Release|Any CPU
		{4CC3C413-FF61-422E-88A6-70F669C3AD1A}.Release|Any CPU.Build.0 = Release|Any CPU
	EndGlobalSection
	GlobalSection(SolutionProperties) = preSolution
		HideSolutionNode = FALSE
	EndGlobalSection
	GlobalSection(NestedProjects) = preSolution
		{D2936283-A8CF-4DFE-9C65-97785649927C} = {334A47D3-597C-4ED4-9C67-9FC2543C827E}
		{FD581E16-A417-4283-A588-4DE65BEF6C7E} = {334A47D3-597C-4ED4-9C67-9FC2543C827E}
		{582114CB-E4F8-4C4D-9FE5-A0D0688FB5B0} = {334A47D3-597C-4ED4-9C67-9FC2543C827E}
		{46BE1629-0C86-452A-A494-461543AF2C62} = {A30E4B4B-1D4E-4429-B01E-A229BFE45ECF}
		{B26EBA2E-CB47-4644-85A8-3E07E17CEA7B} = {A30E4B4B-1D4E-4429-B01E-A229BFE45ECF}
		{980C9B68-211F-485B-A7E0-2073549D383E} = {A30E4B4B-1D4E-4429-B01E-A229BFE45ECF}
		{4CC3C413-FF61-422E-88A6-70F669C3AD1A} = {A30E4B4B-1D4E-4429-B01E-A229BFE45ECF}
	EndGlobalSection
	GlobalSection(ExtensibilityGlobals) = postSolution
		SolutionGuid = {477323D2-BE5B-48F2-8EAE-FE09C20029C9}
	EndGlobalSection
EndGlobal
