
Microsoft Visual Studio Solution File, Format Version 12.00
# Visual Studio 2012
Project("{FAE04EC0-301F-11D3-BF4B-00C04F79EFBC}") = "BankApplication", "BankApplication\BankApplication.csproj", "{02EEB9CD-9AE6-4FD0-B88B-022271A957B4}"
EndProject
Project("{FAE04EC0-301F-11D3-BF4B-00C04F79EFBC}") = "BankLibrary", "BankLibrary\BankLibrary.csproj", "{985E6A98-B3DC-4C97-9864-9006A054CD0C}"
EndProject
Global
	GlobalSection(SolutionConfigurationPlatforms) = preSolution
		Debug|Any CPU = Debug|Any CPU
		Release|Any CPU = Release|Any CPU
	EndGlobalSection
	GlobalSection(ProjectConfigurationPlatforms) = postSolution
		{02EEB9CD-9AE6-4FD0-B88B-022271A957B4}.Debug|Any CPU.ActiveCfg = Debug|Any CPU
		{02EEB9CD-9AE6-4FD0-B88B-022271A957B4}.Debug|Any CPU.Build.0 = Debug|Any CPU
		{02EEB9CD-9AE6-4FD0-B88B-022271A957B4}.Release|Any CPU.ActiveCfg = Release|Any CPU
		{02EEB9CD-9AE6-4FD0-B88B-022271A957B4}.Release|Any CPU.Build.0 = Release|Any CPU
		{985E6A98-B3DC-4C97-9864-9006A054CD0C}.Debug|Any CPU.ActiveCfg = Debug|Any CPU
		{985E6A98-B3DC-4C97-9864-9006A054CD0C}.Debug|Any CPU.Build.0 = Debug|Any CPU
		{985E6A98-B3DC-4C97-9864-9006A054CD0C}.Release|Any CPU.ActiveCfg = Release|Any CPU
		{985E6A98-B3DC-4C97-9864-9006A054CD0C}.Release|Any CPU.Build.0 = Release|Any CPU
	EndGlobalSection
	GlobalSection(SolutionProperties) = preSolution
		HideSolutionNode = FALSE
	EndGlobalSection
EndGlobal
